PODS:
  - LxFTPRequest (1.1.1)
  - MBProgressHUD (1.0.0)
  - SideMenu (2.3.4)
  - Socket.IO-Client-Swift (11.1.3):
    - StarscreamSocketIO (~> 8.0.5)
  - StarscreamSocketIO (8.0.7)

DEPENDENCIES:
  - LxFTPRequest (~> 1.1.1)
  - MBProgressHUD (~> 1.0.0)
  - SideMenu (~> 2.3.4)
  - Socket.IO-Client-Swift (~> 11.1.3)

SPEC CHECKSUMS:
  LxFTPRequest: 5b36ded7a12d7b1d010ca8febb1055fe8bc1f706
  MBProgressHUD: 4890f671c94e8a0f3cf959aa731e9de2f036d71a
  SideMenu: 2ea1a015d14ffb96110af43fe3232d995943e726
  Socket.IO-Client-Swift: b8e59ddc16bc3609ca2f49a4b50253f095d535c8
  StarscreamSocketIO: 00b54e4208481ca5cef089545353aaf126bae16d

PODFILE CHECKSUM: baddea4a4d7992118a6be77b8918cac52b5c934a

COCOAPODS: 1.2.1
