// !$*UTF8*$!
{
	archiveVersion = 1;
	classes = {
	};
	objectVersion = 46;
	objects = {

/* Begin PBXBuildFile section */
		5D2C072F214E204600F5CBC8 /* FooterView.xib in Resources */ = {isa = PBXBuildFile; fileRef = 5D2C072E214E204600F5CBC8 /* FooterView.xib */; };
		5D2C0731214E219100F5CBC8 /* FooterView.swift in Sources */ = {isa = PBXBuildFile; fileRef = 5D2C0730214E219100F5CBC8 /* FooterView.swift */; };
		5D2C0734214E2DF800F5CBC8 /* WebViewController.swift in Sources */ = {isa = PBXBuildFile; fileRef = 5D2C0733214E2DF800F5CBC8 /* WebViewController.swift */; };
		5D2C073721644CB100F5CBC8 /* StudentVolunteerViewController.swift in Sources */ = {isa = PBXBuildFile; fileRef = 5D2C073621644CB100F5CBC8 /* StudentVolunteerViewController.swift */; };
		5D2C073A21644D8900F5CBC8 /* HeaderView.xib in Resources */ = {isa = PBXBuildFile; fileRef = 5D2C073921644D8900F5CBC8 /* HeaderView.xib */; };
		5D2C073C21644E5500F5CBC8 /* HeaderView.swift in Sources */ = {isa = PBXBuildFile; fileRef = 5D2C073B21644E5500F5CBC8 /* HeaderView.swift */; };
		5D2C073E2164A20600F5CBC8 /* StringHelper.swift in Sources */ = {isa = PBXBuildFile; fileRef = 5D2C073D2164A20600F5CBC8 /* StringHelper.swift */; };
		6315A4132009B5B1008EA45A /* RegisterDetailInfoViewController.swift in Sources */ = {isa = PBXBuildFile; fileRef = 6315A4122009B5B1008EA45A /* RegisterDetailInfoViewController.swift */; };
		6315A4172009EBC2008EA45A /* RegisterInfoViewController.swift in Sources */ = {isa = PBXBuildFile; fileRef = 6315A4162009EBC2008EA45A /* RegisterInfoViewController.swift */; };
		6315A4192009EDEE008EA45A /* RegistrationService.swift in Sources */ = {isa = PBXBuildFile; fileRef = 6315A4182009EDEE008EA45A /* RegistrationService.swift */; };
		63166A701F9C81980083FB8F /* AuthService.swift in Sources */ = {isa = PBXBuildFile; fileRef = 63166A6D1F9C81980083FB8F /* AuthService.swift */; };
		63166A711F9C81980083FB8F /* NetworkService.swift in Sources */ = {isa = PBXBuildFile; fileRef = 63166A6E1F9C81980083FB8F /* NetworkService.swift */; };
		63166A721F9C81980083FB8F /* ServerConfiguration.swift in Sources */ = {isa = PBXBuildFile; fileRef = 63166A6F1F9C81980083FB8F /* ServerConfiguration.swift */; };
		63166A741F9C8E390083FB8F /* SwiftyJSON.swift in Sources */ = {isa = PBXBuildFile; fileRef = 63166A731F9C8E390083FB8F /* SwiftyJSON.swift */; };
		63166A801F9D679A0083FB8F /* UserService.swift in Sources */ = {isa = PBXBuildFile; fileRef = 63166A7F1F9D679A0083FB8F /* UserService.swift */; };
		63166A861F9D78860083FB8F /* DashboardViewController.swift in Sources */ = {isa = PBXBuildFile; fileRef = 63166A851F9D78860083FB8F /* DashboardViewController.swift */; };
		63166A881F9D788D0083FB8F /* LoginViewController.swift in Sources */ = {isa = PBXBuildFile; fileRef = 63166A871F9D788D0083FB8F /* LoginViewController.swift */; };
		63166A8A1F9D78C80083FB8F /* BasicViewController.swift in Sources */ = {isa = PBXBuildFile; fileRef = 63166A891F9D78C80083FB8F /* BasicViewController.swift */; };
		63166A8C1F9D79080083FB8F /* SessionService.swift in Sources */ = {isa = PBXBuildFile; fileRef = 63166A8B1F9D79080083FB8F /* SessionService.swift */; };
		633FBE731F9DDCC600CB3022 /* Notes.swift in Sources */ = {isa = PBXBuildFile; fileRef = 633FBE721F9DDCC600CB3022 /* Notes.swift */; };
		6352721A1FB7DA2700DC9E9A /* WhiteboardViewController.swift in Sources */ = {isa = PBXBuildFile; fileRef = 635272191FB7DA2700DC9E9A /* WhiteboardViewController.swift */; };
		6352721C1FB7DA6C00DC9E9A /* Whiteboard.swift in Sources */ = {isa = PBXBuildFile; fileRef = 6352721B1FB7DA6C00DC9E9A /* Whiteboard.swift */; };
		6352721E1FB7DCA000DC9E9A /* WhiteboardDrawingTools.swift in Sources */ = {isa = PBXBuildFile; fileRef = 6352721D1FB7DCA000DC9E9A /* WhiteboardDrawingTools.swift */; };
		6358574E201549D000C92B5C /* SidebarItemTableViewCell.swift in Sources */ = {isa = PBXBuildFile; fileRef = 6358574D201549D000C92B5C /* SidebarItemTableViewCell.swift */; };
		6358575020154B7200C92B5C /* SidebarItem.swift in Sources */ = {isa = PBXBuildFile; fileRef = 6358574F20154B7200C92B5C /* SidebarItem.swift */; };
		635857522015544F00C92B5C /* SidebarSlideMenuNavigationController.swift in Sources */ = {isa = PBXBuildFile; fileRef = 635857512015544F00C92B5C /* SidebarSlideMenuNavigationController.swift */; };
		63607FDA202316FA00F25A22 /* UPchieveUser.swift in Sources */ = {isa = PBXBuildFile; fileRef = 63607FD9202316FA00F25A22 /* UPchieveUser.swift */; };
		63607FDE2023173C00F25A22 /* UPchieveChatMessage.swift in Sources */ = {isa = PBXBuildFile; fileRef = 63607FDC2023173C00F25A22 /* UPchieveChatMessage.swift */; };
		63607FDF2023173C00F25A22 /* UPchieveSession.swift in Sources */ = {isa = PBXBuildFile; fileRef = 63607FDD2023173C00F25A22 /* UPchieveSession.swift */; };
		63607FE12023175D00F25A22 /* UPchieveRegistrationData.swift in Sources */ = {isa = PBXBuildFile; fileRef = 63607FE02023175D00F25A22 /* UPchieveRegistrationData.swift */; };
		63607FE32023179400F25A22 /* UserModel.swift in Sources */ = {isa = PBXBuildFile; fileRef = 63607FE22023179400F25A22 /* UserModel.swift */; };
		63607FEA20244B7600F25A22 /* UnderlinedTextField.swift in Sources */ = {isa = PBXBuildFile; fileRef = 63607FE920244B7600F25A22 /* UnderlinedTextField.swift */; };
		63607FED20244CE600F25A22 /* SelectTopicModel.swift in Sources */ = {isa = PBXBuildFile; fileRef = 63607FEC20244CE600F25A22 /* SelectTopicModel.swift */; };
		63607FF820266FE900F25A22 /* ProfileTableViewCell.swift in Sources */ = {isa = PBXBuildFile; fileRef = 63607FF220266FE900F25A22 /* ProfileTableViewCell.swift */; };
		63607FF920266FE900F25A22 /* ProfileTagTableViewCell.swift in Sources */ = {isa = PBXBuildFile; fileRef = 63607FF320266FE900F25A22 /* ProfileTagTableViewCell.swift */; };
		636080012026707A00F25A22 /* ChatMessageIncomingTableViewCell.swift in Sources */ = {isa = PBXBuildFile; fileRef = 63607FFD2026707A00F25A22 /* ChatMessageIncomingTableViewCell.swift */; };
		636080022026707A00F25A22 /* ChatMessageOutgoingImageTableViewCell.swift in Sources */ = {isa = PBXBuildFile; fileRef = 63607FFE2026707A00F25A22 /* ChatMessageOutgoingImageTableViewCell.swift */; };
		636080032026707A00F25A22 /* ChatMessageOutgoingTableViewCell.swift in Sources */ = {isa = PBXBuildFile; fileRef = 63607FFF2026707A00F25A22 /* ChatMessageOutgoingTableViewCell.swift */; };
		636080042026707A00F25A22 /* ChatMessageTableViewCell.swift in Sources */ = {isa = PBXBuildFile; fileRef = 636080002026707A00F25A22 /* ChatMessageTableViewCell.swift */; };
		636080062026719700F25A22 /* BasicView.swift in Sources */ = {isa = PBXBuildFile; fileRef = 636080052026719700F25A22 /* BasicView.swift */; };
		6360800D2026987600F25A22 /* MultipleSelectionView.swift in Sources */ = {isa = PBXBuildFile; fileRef = 6360800C2026987600F25A22 /* MultipleSelectionView.swift */; };
		6360800F202698D300F25A22 /* MultipleSelectionViewDataSource.swift in Sources */ = {isa = PBXBuildFile; fileRef = 6360800E202698D300F25A22 /* MultipleSelectionViewDataSource.swift */; };
		636080112026A48600F25A22 /* MultipleSelectionItemView.swift in Sources */ = {isa = PBXBuildFile; fileRef = 636080102026A48600F25A22 /* MultipleSelectionItemView.swift */; };
		636080132026AE4A00F25A22 /* ProfileMultipleSelectionTableViewCell.swift in Sources */ = {isa = PBXBuildFile; fileRef = 636080122026AE4A00F25A22 /* ProfileMultipleSelectionTableViewCell.swift */; };
		636080182026AF6B00F25A22 /* ProfileFullNameTableViewCell.swift in Sources */ = {isa = PBXBuildFile; fileRef = 636080142026AF6B00F25A22 /* ProfileFullNameTableViewCell.swift */; };
		636080192026AF6B00F25A22 /* ProfilePickerTableViewCell.swift in Sources */ = {isa = PBXBuildFile; fileRef = 636080152026AF6B00F25A22 /* ProfilePickerTableViewCell.swift */; };
		6360801A2026AF6B00F25A22 /* ProfileSubtitledTextFieldTableViewCell.swift in Sources */ = {isa = PBXBuildFile; fileRef = 636080162026AF6B00F25A22 /* ProfileSubtitledTextFieldTableViewCell.swift */; };
		6360801B2026AF6B00F25A22 /* ProfileTextFieldTableViewCell.swift in Sources */ = {isa = PBXBuildFile; fileRef = 636080172026AF6B00F25A22 /* ProfileTextFieldTableViewCell.swift */; };
		6360801E2027F85A00F25A22 /* CompleteProfileModel.swift in Sources */ = {isa = PBXBuildFile; fileRef = 6360801D2027F85A00F25A22 /* CompleteProfileModel.swift */; };
		636080202032C7EA00F25A22 /* BasicTextFields.swift in Sources */ = {isa = PBXBuildFile; fileRef = 6360801F2032C7EA00F25A22 /* BasicTextFields.swift */; };
		6365D3CF2014A00B004D3052 /* SidebarViewController.swift in Sources */ = {isa = PBXBuildFile; fileRef = 6365D3CE2014A00B004D3052 /* SidebarViewController.swift */; };
		636A219720187DE400E23EAE /* SelectTopicViewController.swift in Sources */ = {isa = PBXBuildFile; fileRef = 636A219620187DE400E23EAE /* SelectTopicViewController.swift */; };
		636A219B201ADE4B00E23EAE /* SidebarViewControllerSource.swift in Sources */ = {isa = PBXBuildFile; fileRef = 636A219A201ADE4B00E23EAE /* SidebarViewControllerSource.swift */; };
		636A219F201C12B600E23EAE /* RegisterCheckEmailViewController.swift in Sources */ = {isa = PBXBuildFile; fileRef = 636A219E201C12B600E23EAE /* RegisterCheckEmailViewController.swift */; };
		636A21A1201C512300E23EAE /* OnboardingService.swift in Sources */ = {isa = PBXBuildFile; fileRef = 636A21A0201C512300E23EAE /* OnboardingService.swift */; };
		636A21A4201C54C800E23EAE /* ProfileBasicTableViewController.swift in Sources */ = {isa = PBXBuildFile; fileRef = 636A21A3201C54C800E23EAE /* ProfileBasicTableViewController.swift */; };
		636A21A7201C55DB00E23EAE /* ProfileCellData.swift in Sources */ = {isa = PBXBuildFile; fileRef = 636A21A6201C55DB00E23EAE /* ProfileCellData.swift */; };
		636A21B6201C88E800E23EAE /* RegisterCompleteBasicProfileTableViewController.swift in Sources */ = {isa = PBXBuildFile; fileRef = 636A21B5201C88E800E23EAE /* RegisterCompleteBasicProfileTableViewController.swift */; };
		636A21B8201D16D700E23EAE /* RegisterCompleteAcademicProfileTableViewController.swift in Sources */ = {isa = PBXBuildFile; fileRef = 636A21B7201D16D700E23EAE /* RegisterCompleteAcademicProfileTableViewController.swift */; };
		63990C011F999D38002B8036 /* AppDelegate.swift in Sources */ = {isa = PBXBuildFile; fileRef = 63990C001F999D38002B8036 /* AppDelegate.swift */; };
		63990C061F999D38002B8036 /* Main.storyboard in Resources */ = {isa = PBXBuildFile; fileRef = 63990C041F999D38002B8036 /* Main.storyboard */; };
		63990C081F999D38002B8036 /* Assets.xcassets in Resources */ = {isa = PBXBuildFile; fileRef = 63990C071F999D38002B8036 /* Assets.xcassets */; };
		63990C0B1F999D38002B8036 /* LaunchScreen.storyboard in Resources */ = {isa = PBXBuildFile; fileRef = 63990C091F999D38002B8036 /* LaunchScreen.storyboard */; };
		63990C161F999D38002B8036 /* UPchieveTests.swift in Sources */ = {isa = PBXBuildFile; fileRef = 63990C151F999D38002B8036 /* UPchieveTests.swift */; };
		63990C211F999D38002B8036 /* UPchieveUITests.swift in Sources */ = {isa = PBXBuildFile; fileRef = 63990C201F999D38002B8036 /* UPchieveUITests.swift */; };
		639D82DF1F9DD193008C60A2 /* SessionViewController.swift in Sources */ = {isa = PBXBuildFile; fileRef = 639D82DE1F9DD193008C60A2 /* SessionViewController.swift */; };
		63B3E9C61F9E8684001B651F /* RuntimeMemoryCache.swift in Sources */ = {isa = PBXBuildFile; fileRef = 63B3E9C51F9E8684001B651F /* RuntimeMemoryCache.swift */; };
		63B3E9C91F9E8766001B651F /* LocalCache.swift in Sources */ = {isa = PBXBuildFile; fileRef = 63B3E9C81F9E8766001B651F /* LocalCache.swift */; };
		63DE6356201AF7260091D302 /* FullScreenImageViewController.swift in Sources */ = {isa = PBXBuildFile; fileRef = 63DE6355201AF7260091D302 /* FullScreenImageViewController.swift */; };
		F552152A8D96595622F78AE4 /* Pods_UPchieve.framework in Frameworks */ = {isa = PBXBuildFile; fileRef = 62217271ED42376EEFA6BBBB /* Pods_UPchieve.framework */; };
/* End PBXBuildFile section */

/* Begin PBXContainerItemProxy section */
		63990C121F999D38002B8036 /* PBXContainerItemProxy */ = {
			isa = PBXContainerItemProxy;
			containerPortal = 63990BF51F999D38002B8036 /* Project object */;
			proxyType = 1;
			remoteGlobalIDString = 63990BFC1F999D38002B8036;
			remoteInfo = UPchieve;
		};
		63990C1D1F999D38002B8036 /* PBXContainerItemProxy */ = {
			isa = PBXContainerItemProxy;
			containerPortal = 63990BF51F999D38002B8036 /* Project object */;
			proxyType = 1;
			remoteGlobalIDString = 63990BFC1F999D38002B8036;
			remoteInfo = UPchieve;
		};
/* End PBXContainerItemProxy section */

/* Begin PBXFileReference section */
		5D2C072E214E204600F5CBC8 /* FooterView.xib */ = {isa = PBXFileReference; lastKnownFileType = file.xib; path = FooterView.xib; sourceTree = "<group>"; };
		5D2C0730214E219100F5CBC8 /* FooterView.swift */ = {isa = PBXFileReference; lastKnownFileType = sourcecode.swift; path = FooterView.swift; sourceTree = "<group>"; };
		5D2C0733214E2DF800F5CBC8 /* WebViewController.swift */ = {isa = PBXFileReference; lastKnownFileType = sourcecode.swift; name = WebViewController.swift; path = ViewControllers/WebViewController/WebViewController.swift; sourceTree = "<group>"; };
		5D2C073621644CB100F5CBC8 /* StudentVolunteerViewController.swift */ = {isa = PBXFileReference; lastKnownFileType = sourcecode.swift; name = StudentVolunteerViewController.swift; path = ViewControllers/Register/StudentVolunteerViewController.swift; sourceTree = "<group>"; };
		5D2C073921644D8900F5CBC8 /* HeaderView.xib */ = {isa = PBXFileReference; lastKnownFileType = file.xib; path = HeaderView.xib; sourceTree = "<group>"; };
		5D2C073B21644E5500F5CBC8 /* HeaderView.swift */ = {isa = PBXFileReference; lastKnownFileType = sourcecode.swift; path = HeaderView.swift; sourceTree = "<group>"; };
		5D2C073D2164A20600F5CBC8 /* StringHelper.swift */ = {isa = PBXFileReference; lastKnownFileType = sourcecode.swift; name = StringHelper.swift; path = Helper/StringHelper.swift; sourceTree = "<group>"; };
		62217271ED42376EEFA6BBBB /* Pods_UPchieve.framework */ = {isa = PBXFileReference; explicitFileType = wrapper.framework; includeInIndex = 0; path = Pods_UPchieve.framework; sourceTree = BUILT_PRODUCTS_DIR; };
		6315A4122009B5B1008EA45A /* RegisterDetailInfoViewController.swift */ = {isa = PBXFileReference; fileEncoding = 4; lastKnownFileType = sourcecode.swift; name = RegisterDetailInfoViewController.swift; path = ViewControllers/Register/RegisterDetailInfoViewController.swift; sourceTree = "<group>"; };
		6315A4162009EBC2008EA45A /* RegisterInfoViewController.swift */ = {isa = PBXFileReference; fileEncoding = 4; lastKnownFileType = sourcecode.swift; name = RegisterInfoViewController.swift; path = ViewControllers/Register/RegisterInfoViewController.swift; sourceTree = "<group>"; };
		6315A4182009EDEE008EA45A /* RegistrationService.swift */ = {isa = PBXFileReference; fileEncoding = 4; lastKnownFileType = sourcecode.swift; path = RegistrationService.swift; sourceTree = "<group>"; };
		63166A6D1F9C81980083FB8F /* AuthService.swift */ = {isa = PBXFileReference; fileEncoding = 4; lastKnownFileType = sourcecode.swift; path = AuthService.swift; sourceTree = "<group>"; };
		63166A6E1F9C81980083FB8F /* NetworkService.swift */ = {isa = PBXFileReference; fileEncoding = 4; lastKnownFileType = sourcecode.swift; path = NetworkService.swift; sourceTree = "<group>"; };
		63166A6F1F9C81980083FB8F /* ServerConfiguration.swift */ = {isa = PBXFileReference; fileEncoding = 4; lastKnownFileType = sourcecode.swift; path = ServerConfiguration.swift; sourceTree = "<group>"; };
		63166A731F9C8E390083FB8F /* SwiftyJSON.swift */ = {isa = PBXFileReference; fileEncoding = 4; lastKnownFileType = sourcecode.swift; path = SwiftyJSON.swift; sourceTree = "<group>"; };
		63166A7F1F9D679A0083FB8F /* UserService.swift */ = {isa = PBXFileReference; fileEncoding = 4; lastKnownFileType = sourcecode.swift; path = UserService.swift; sourceTree = "<group>"; };
		63166A851F9D78860083FB8F /* DashboardViewController.swift */ = {isa = PBXFileReference; fileEncoding = 4; lastKnownFileType = sourcecode.swift; name = DashboardViewController.swift; path = ViewControllers/Dashboard/DashboardViewController.swift; sourceTree = "<group>"; };
		63166A871F9D788D0083FB8F /* LoginViewController.swift */ = {isa = PBXFileReference; fileEncoding = 4; lastKnownFileType = sourcecode.swift; name = LoginViewController.swift; path = ViewControllers/Login/LoginViewController.swift; sourceTree = "<group>"; };
		63166A891F9D78C80083FB8F /* BasicViewController.swift */ = {isa = PBXFileReference; fileEncoding = 4; lastKnownFileType = sourcecode.swift; name = BasicViewController.swift; path = ViewControllers/BasicViewController.swift; sourceTree = "<group>"; };
		63166A8B1F9D79080083FB8F /* SessionService.swift */ = {isa = PBXFileReference; fileEncoding = 4; lastKnownFileType = sourcecode.swift; path = SessionService.swift; sourceTree = "<group>"; };
		633FBE721F9DDCC600CB3022 /* Notes.swift */ = {isa = PBXFileReference; fileEncoding = 4; lastKnownFileType = sourcecode.swift; path = Notes.swift; sourceTree = "<group>"; };
		635272191FB7DA2700DC9E9A /* WhiteboardViewController.swift */ = {isa = PBXFileReference; fileEncoding = 4; lastKnownFileType = sourcecode.swift; name = WhiteboardViewController.swift; path = ViewControllers/Session/Whiteboard/WhiteboardViewController.swift; sourceTree = "<group>"; };
		6352721B1FB7DA6C00DC9E9A /* Whiteboard.swift */ = {isa = PBXFileReference; fileEncoding = 4; lastKnownFileType = sourcecode.swift; name = Whiteboard.swift; path = ViewControllers/Session/Whiteboard/Whiteboard.swift; sourceTree = "<group>"; };
		6352721D1FB7DCA000DC9E9A /* WhiteboardDrawingTools.swift */ = {isa = PBXFileReference; fileEncoding = 4; lastKnownFileType = sourcecode.swift; name = WhiteboardDrawingTools.swift; path = ViewControllers/Session/Whiteboard/WhiteboardDrawingTools.swift; sourceTree = "<group>"; };
		6358574D201549D000C92B5C /* SidebarItemTableViewCell.swift */ = {isa = PBXFileReference; fileEncoding = 4; lastKnownFileType = sourcecode.swift; name = SidebarItemTableViewCell.swift; path = ViewControllers/Sidebar/SidebarItemTableViewCell.swift; sourceTree = "<group>"; };
		6358574F20154B7200C92B5C /* SidebarItem.swift */ = {isa = PBXFileReference; fileEncoding = 4; lastKnownFileType = sourcecode.swift; name = SidebarItem.swift; path = ViewControllers/Sidebar/SidebarItem.swift; sourceTree = "<group>"; };
		635857512015544F00C92B5C /* SidebarSlideMenuNavigationController.swift */ = {isa = PBXFileReference; fileEncoding = 4; lastKnownFileType = sourcecode.swift; name = SidebarSlideMenuNavigationController.swift; path = ViewControllers/Sidebar/SidebarSlideMenuNavigationController.swift; sourceTree = "<group>"; };
		63607FD9202316FA00F25A22 /* UPchieveUser.swift */ = {isa = PBXFileReference; fileEncoding = 4; lastKnownFileType = sourcecode.swift; name = UPchieveUser.swift; path = Models/User/UPchieveUser.swift; sourceTree = "<group>"; };
		63607FDC2023173C00F25A22 /* UPchieveChatMessage.swift */ = {isa = PBXFileReference; fileEncoding = 4; lastKnownFileType = sourcecode.swift; name = UPchieveChatMessage.swift; path = Models/Session/UPchieveChatMessage.swift; sourceTree = "<group>"; };
		63607FDD2023173C00F25A22 /* UPchieveSession.swift */ = {isa = PBXFileReference; fileEncoding = 4; lastKnownFileType = sourcecode.swift; name = UPchieveSession.swift; path = Models/Session/UPchieveSession.swift; sourceTree = "<group>"; };
		63607FE02023175D00F25A22 /* UPchieveRegistrationData.swift */ = {isa = PBXFileReference; fileEncoding = 4; lastKnownFileType = sourcecode.swift; name = UPchieveRegistrationData.swift; path = Models/User/UPchieveRegistrationData.swift; sourceTree = "<group>"; };
		63607FE22023179400F25A22 /* UserModel.swift */ = {isa = PBXFileReference; fileEncoding = 4; lastKnownFileType = sourcecode.swift; name = UserModel.swift; path = Models/User/UserModel.swift; sourceTree = "<group>"; };
		63607FE920244B7600F25A22 /* UnderlinedTextField.swift */ = {isa = PBXFileReference; fileEncoding = 4; lastKnownFileType = sourcecode.swift; name = UnderlinedTextField.swift; path = View/BasicComponents/TextFields/UnderlinedTextField.swift; sourceTree = "<group>"; };
		63607FEC20244CE600F25A22 /* SelectTopicModel.swift */ = {isa = PBXFileReference; fileEncoding = 4; lastKnownFileType = sourcecode.swift; name = SelectTopicModel.swift; path = Models/SelectTopic/SelectTopicModel.swift; sourceTree = "<group>"; };
		63607FF220266FE900F25A22 /* ProfileTableViewCell.swift */ = {isa = PBXFileReference; fileEncoding = 4; lastKnownFileType = sourcecode.swift; name = ProfileTableViewCell.swift; path = View/Profile/ProfileTableViewCell.swift; sourceTree = "<group>"; };
		63607FF320266FE900F25A22 /* ProfileTagTableViewCell.swift */ = {isa = PBXFileReference; fileEncoding = 4; lastKnownFileType = sourcecode.swift; name = ProfileTagTableViewCell.swift; path = View/Profile/ProfileTagTableViewCell.swift; sourceTree = "<group>"; };
		63607FFD2026707A00F25A22 /* ChatMessageIncomingTableViewCell.swift */ = {isa = PBXFileReference; fileEncoding = 4; lastKnownFileType = sourcecode.swift; name = ChatMessageIncomingTableViewCell.swift; path = View/Session/ChatMessage/ChatMessageIncomingTableViewCell.swift; sourceTree = "<group>"; };
		63607FFE2026707A00F25A22 /* ChatMessageOutgoingImageTableViewCell.swift */ = {isa = PBXFileReference; fileEncoding = 4; lastKnownFileType = sourcecode.swift; name = ChatMessageOutgoingImageTableViewCell.swift; path = View/Session/ChatMessage/ChatMessageOutgoingImageTableViewCell.swift; sourceTree = "<group>"; };
		63607FFF2026707A00F25A22 /* ChatMessageOutgoingTableViewCell.swift */ = {isa = PBXFileReference; fileEncoding = 4; lastKnownFileType = sourcecode.swift; name = ChatMessageOutgoingTableViewCell.swift; path = View/Session/ChatMessage/ChatMessageOutgoingTableViewCell.swift; sourceTree = "<group>"; };
		636080002026707A00F25A22 /* ChatMessageTableViewCell.swift */ = {isa = PBXFileReference; fileEncoding = 4; lastKnownFileType = sourcecode.swift; name = ChatMessageTableViewCell.swift; path = View/Session/ChatMessage/ChatMessageTableViewCell.swift; sourceTree = "<group>"; };
		636080052026719700F25A22 /* BasicView.swift */ = {isa = PBXFileReference; fileEncoding = 4; lastKnownFileType = sourcecode.swift; name = BasicView.swift; path = View/BasicView.swift; sourceTree = "<group>"; };
		6360800C2026987600F25A22 /* MultipleSelectionView.swift */ = {isa = PBXFileReference; fileEncoding = 4; lastKnownFileType = sourcecode.swift; name = MultipleSelectionView.swift; path = View/BasicComponents/MultipleSelection/MultipleSelectionView.swift; sourceTree = "<group>"; };
		6360800E202698D300F25A22 /* MultipleSelectionViewDataSource.swift */ = {isa = PBXFileReference; fileEncoding = 4; lastKnownFileType = sourcecode.swift; name = MultipleSelectionViewDataSource.swift; path = View/BasicComponents/MultipleSelection/MultipleSelectionViewDataSource.swift; sourceTree = "<group>"; };
		636080102026A48600F25A22 /* MultipleSelectionItemView.swift */ = {isa = PBXFileReference; fileEncoding = 4; lastKnownFileType = sourcecode.swift; name = MultipleSelectionItemView.swift; path = View/BasicComponents/MultipleSelection/MultipleSelectionItemView.swift; sourceTree = "<group>"; };
		636080122026AE4A00F25A22 /* ProfileMultipleSelectionTableViewCell.swift */ = {isa = PBXFileReference; fileEncoding = 4; lastKnownFileType = sourcecode.swift; name = ProfileMultipleSelectionTableViewCell.swift; path = ViewControllers/Profile/ProfileMultipleSelectionTableViewCell.swift; sourceTree = "<group>"; };
		636080142026AF6B00F25A22 /* ProfileFullNameTableViewCell.swift */ = {isa = PBXFileReference; fileEncoding = 4; lastKnownFileType = sourcecode.swift; name = ProfileFullNameTableViewCell.swift; path = ViewControllers/Profile/ProfileFullNameTableViewCell.swift; sourceTree = "<group>"; };
		636080152026AF6B00F25A22 /* ProfilePickerTableViewCell.swift */ = {isa = PBXFileReference; fileEncoding = 4; lastKnownFileType = sourcecode.swift; name = ProfilePickerTableViewCell.swift; path = ViewControllers/Profile/ProfilePickerTableViewCell.swift; sourceTree = "<group>"; };
		636080162026AF6B00F25A22 /* ProfileSubtitledTextFieldTableViewCell.swift */ = {isa = PBXFileReference; fileEncoding = 4; lastKnownFileType = sourcecode.swift; name = ProfileSubtitledTextFieldTableViewCell.swift; path = ViewControllers/Profile/ProfileSubtitledTextFieldTableViewCell.swift; sourceTree = "<group>"; };
		636080172026AF6B00F25A22 /* ProfileTextFieldTableViewCell.swift */ = {isa = PBXFileReference; fileEncoding = 4; lastKnownFileType = sourcecode.swift; name = ProfileTextFieldTableViewCell.swift; path = ViewControllers/Profile/ProfileTextFieldTableViewCell.swift; sourceTree = "<group>"; };
		6360801D2027F85A00F25A22 /* CompleteProfileModel.swift */ = {isa = PBXFileReference; fileEncoding = 4; lastKnownFileType = sourcecode.swift; name = CompleteProfileModel.swift; path = Models/Register/CompleteProfileModel.swift; sourceTree = "<group>"; };
		6360801F2032C7EA00F25A22 /* BasicTextFields.swift */ = {isa = PBXFileReference; fileEncoding = 4; lastKnownFileType = sourcecode.swift; name = BasicTextFields.swift; path = View/BasicComponents/TextFields/BasicTextFields.swift; sourceTree = "<group>"; };
		6365D3CE2014A00B004D3052 /* SidebarViewController.swift */ = {isa = PBXFileReference; fileEncoding = 4; lastKnownFileType = sourcecode.swift; name = SidebarViewController.swift; path = ViewControllers/Sidebar/SidebarViewController.swift; sourceTree = "<group>"; };
		636A219620187DE400E23EAE /* SelectTopicViewController.swift */ = {isa = PBXFileReference; fileEncoding = 4; lastKnownFileType = sourcecode.swift; name = SelectTopicViewController.swift; path = ViewControllers/SelectTopic/SelectTopicViewController.swift; sourceTree = "<group>"; };
		636A219A201ADE4B00E23EAE /* SidebarViewControllerSource.swift */ = {isa = PBXFileReference; fileEncoding = 4; lastKnownFileType = sourcecode.swift; name = SidebarViewControllerSource.swift; path = ViewControllers/Sidebar/SidebarViewControllerSource.swift; sourceTree = "<group>"; };
		636A219E201C12B600E23EAE /* RegisterCheckEmailViewController.swift */ = {isa = PBXFileReference; fileEncoding = 4; lastKnownFileType = sourcecode.swift; name = RegisterCheckEmailViewController.swift; path = ViewControllers/Register/RegisterCheckEmailViewController.swift; sourceTree = "<group>"; };
		636A21A0201C512300E23EAE /* OnboardingService.swift */ = {isa = PBXFileReference; fileEncoding = 4; lastKnownFileType = sourcecode.swift; path = OnboardingService.swift; sourceTree = "<group>"; };
		636A21A3201C54C800E23EAE /* ProfileBasicTableViewController.swift */ = {isa = PBXFileReference; fileEncoding = 4; lastKnownFileType = sourcecode.swift; name = ProfileBasicTableViewController.swift; path = ViewControllers/Profile/ProfileBasicTableViewController.swift; sourceTree = "<group>"; };
		636A21A6201C55DB00E23EAE /* ProfileCellData.swift */ = {isa = PBXFileReference; fileEncoding = 4; lastKnownFileType = sourcecode.swift; name = ProfileCellData.swift; path = Models/Profile/ProfileCellData.swift; sourceTree = "<group>"; };
		636A21B5201C88E800E23EAE /* RegisterCompleteBasicProfileTableViewController.swift */ = {isa = PBXFileReference; fileEncoding = 4; lastKnownFileType = sourcecode.swift; name = RegisterCompleteBasicProfileTableViewController.swift; path = ViewControllers/Register/CompleteProfile/RegisterCompleteBasicProfileTableViewController.swift; sourceTree = "<group>"; };
		636A21B7201D16D700E23EAE /* RegisterCompleteAcademicProfileTableViewController.swift */ = {isa = PBXFileReference; fileEncoding = 4; lastKnownFileType = sourcecode.swift; name = RegisterCompleteAcademicProfileTableViewController.swift; path = ViewControllers/Register/CompleteProfile/RegisterCompleteAcademicProfileTableViewController.swift; sourceTree = "<group>"; };
		63990BFD1F999D38002B8036 /* UPchieve.app */ = {isa = PBXFileReference; explicitFileType = wrapper.application; includeInIndex = 0; path = UPchieve.app; sourceTree = BUILT_PRODUCTS_DIR; };
		63990C001F999D38002B8036 /* AppDelegate.swift */ = {isa = PBXFileReference; lastKnownFileType = sourcecode.swift; path = AppDelegate.swift; sourceTree = "<group>"; };
		63990C051F999D38002B8036 /* Base */ = {isa = PBXFileReference; lastKnownFileType = file.storyboard; name = Base; path = Base.lproj/Main.storyboard; sourceTree = "<group>"; };
		63990C071F999D38002B8036 /* Assets.xcassets */ = {isa = PBXFileReference; lastKnownFileType = folder.assetcatalog; path = Assets.xcassets; sourceTree = "<group>"; };
		63990C0A1F999D38002B8036 /* Base */ = {isa = PBXFileReference; lastKnownFileType = file.storyboard; name = Base; path = Base.lproj/LaunchScreen.storyboard; sourceTree = "<group>"; };
		63990C0C1F999D38002B8036 /* Info.plist */ = {isa = PBXFileReference; lastKnownFileType = text.plist.xml; path = Info.plist; sourceTree = "<group>"; };
		63990C111F999D38002B8036 /* UPchieveTests.xctest */ = {isa = PBXFileReference; explicitFileType = wrapper.cfbundle; includeInIndex = 0; path = UPchieveTests.xctest; sourceTree = BUILT_PRODUCTS_DIR; };
		63990C151F999D38002B8036 /* UPchieveTests.swift */ = {isa = PBXFileReference; lastKnownFileType = sourcecode.swift; path = UPchieveTests.swift; sourceTree = "<group>"; };
		63990C171F999D38002B8036 /* Info.plist */ = {isa = PBXFileReference; lastKnownFileType = text.plist.xml; path = Info.plist; sourceTree = "<group>"; };
		63990C1C1F999D38002B8036 /* UPchieveUITests.xctest */ = {isa = PBXFileReference; explicitFileType = wrapper.cfbundle; includeInIndex = 0; path = UPchieveUITests.xctest; sourceTree = BUILT_PRODUCTS_DIR; };
		63990C201F999D38002B8036 /* UPchieveUITests.swift */ = {isa = PBXFileReference; lastKnownFileType = sourcecode.swift; path = UPchieveUITests.swift; sourceTree = "<group>"; };
		63990C221F999D38002B8036 /* Info.plist */ = {isa = PBXFileReference; lastKnownFileType = text.plist.xml; path = Info.plist; sourceTree = "<group>"; };
		639D82DE1F9DD193008C60A2 /* SessionViewController.swift */ = {isa = PBXFileReference; fileEncoding = 4; lastKnownFileType = sourcecode.swift; name = SessionViewController.swift; path = ViewControllers/Session/SessionViewController.swift; sourceTree = "<group>"; };
		63B3E9C51F9E8684001B651F /* RuntimeMemoryCache.swift */ = {isa = PBXFileReference; fileEncoding = 4; lastKnownFileType = sourcecode.swift; name = RuntimeMemoryCache.swift; path = LocalCache/RuntimeMemoryCache.swift; sourceTree = "<group>"; };
		63B3E9C81F9E8766001B651F /* LocalCache.swift */ = {isa = PBXFileReference; fileEncoding = 4; lastKnownFileType = sourcecode.swift; name = LocalCache.swift; path = LocalCache/LocalCache.swift; sourceTree = "<group>"; };
		63DE6355201AF7260091D302 /* FullScreenImageViewController.swift */ = {isa = PBXFileReference; fileEncoding = 4; lastKnownFileType = sourcecode.swift; name = FullScreenImageViewController.swift; path = ViewControllers/ImageView/FullScreenImageViewController.swift; sourceTree = "<group>"; };
		70ACBA0144F2F6FB7571DDAC /* Pods-UPchieve.debug.xcconfig */ = {isa = PBXFileReference; includeInIndex = 1; lastKnownFileType = text.xcconfig; name = "Pods-UPchieve.debug.xcconfig"; path = "../Pods/Target Support Files/Pods-UPchieve/Pods-UPchieve.debug.xcconfig"; sourceTree = "<group>"; };
		760B3BAE49E31A3A6DB5F0C3 /* Pods-UPchieve.release.xcconfig */ = {isa = PBXFileReference; includeInIndex = 1; lastKnownFileType = text.xcconfig; name = "Pods-UPchieve.release.xcconfig"; path = "../Pods/Target Support Files/Pods-UPchieve/Pods-UPchieve.release.xcconfig"; sourceTree = "<group>"; };
/* End PBXFileReference section */

/* Begin PBXFrameworksBuildPhase section */
		63990BFA1F999D38002B8036 /* Frameworks */ = {
			isa = PBXFrameworksBuildPhase;
			buildActionMask = 2147483647;
			files = (
				F552152A8D96595622F78AE4 /* Pods_UPchieve.framework in Frameworks */,
			);
			runOnlyForDeploymentPostprocessing = 0;
		};
		63990C0E1F999D38002B8036 /* Frameworks */ = {
			isa = PBXFrameworksBuildPhase;
			buildActionMask = 2147483647;
			files = (
			);
			runOnlyForDeploymentPostprocessing = 0;
		};
		63990C191F999D38002B8036 /* Frameworks */ = {
			isa = PBXFrameworksBuildPhase;
			buildActionMask = 2147483647;
			files = (
			);
			runOnlyForDeploymentPostprocessing = 0;
		};
/* End PBXFrameworksBuildPhase section */

/* Begin PBXGroup section */
		5D2C0732214E219E00F5CBC8 /* FooterView */ = {
			isa = PBXGroup;
			children = (
				5D2C072E214E204600F5CBC8 /* FooterView.xib */,
				5D2C0730214E219100F5CBC8 /* FooterView.swift */,
			);
			path = FooterView;
			sourceTree = "<group>";
		};
		5D2C0735214E2DFF00F5CBC8 /* WebViewController */ = {
			isa = PBXGroup;
			children = (
				5D2C0733214E2DF800F5CBC8 /* WebViewController.swift */,
			);
			name = WebViewController;
			sourceTree = "<group>";
		};
		5D2C073821644D6100F5CBC8 /* HeaderView */ = {
			isa = PBXGroup;
			children = (
				5D2C073921644D8900F5CBC8 /* HeaderView.xib */,
				5D2C073B21644E5500F5CBC8 /* HeaderView.swift */,
			);
			path = HeaderView;
			sourceTree = "<group>";
		};
		6315A4112009B584008EA45A /* Register */ = {
			isa = PBXGroup;
			children = (
				5D2C073621644CB100F5CBC8 /* StudentVolunteerViewController.swift */,
				636A21B4201C889E00E23EAE /* CompleteProfile */,
				636A219E201C12B600E23EAE /* RegisterCheckEmailViewController.swift */,
				6315A4162009EBC2008EA45A /* RegisterInfoViewController.swift */,
				5D2C073D2164A20600F5CBC8 /* StringHelper.swift */,
				6315A4122009B5B1008EA45A /* RegisterDetailInfoViewController.swift */,
			);
			name = Register;
			sourceTree = "<group>";
		};
		63166A6C1F9C81980083FB8F /* ServerAccess */ = {
			isa = PBXGroup;
			children = (
				63166A6D1F9C81980083FB8F /* AuthService.swift */,
				636A21A0201C512300E23EAE /* OnboardingService.swift */,
				63166A6E1F9C81980083FB8F /* NetworkService.swift */,
				63166A7F1F9D679A0083FB8F /* UserService.swift */,
				63166A8B1F9D79080083FB8F /* SessionService.swift */,
				63166A6F1F9C81980083FB8F /* ServerConfiguration.swift */,
				6315A4182009EDEE008EA45A /* RegistrationService.swift */,
			);
			path = ServerAccess;
			sourceTree = "<group>";
		};
		63166A791F9C9F430083FB8F /* Login */ = {
			isa = PBXGroup;
			children = (
				63166A871F9D788D0083FB8F /* LoginViewController.swift */,
			);
			name = Login;
			sourceTree = "<group>";
		};
		63166A7C1F9D3FD70083FB8F /* Dashboard */ = {
			isa = PBXGroup;
			children = (
				63166A851F9D78860083FB8F /* DashboardViewController.swift */,
			);
			name = Dashboard;
			sourceTree = "<group>";
		};
		63166A811F9D77CD0083FB8F /* Models */ = {
			isa = PBXGroup;
			children = (
				6360801C2027F83100F25A22 /* Register */,
				63607FEB20244CBF00F25A22 /* SelectTopic */,
				63607FDB2023170A00F25A22 /* Session */,
				63607FD8202316D900F25A22 /* User */,
				636A21A5201C559900E23EAE /* Profile */,
			);
			name = Models;
			sourceTree = "<group>";
		};
		63166A821F9D78110083FB8F /* ViewControllers */ = {
			isa = PBXGroup;
			children = (
				63166A891F9D78C80083FB8F /* BasicViewController.swift */,
				636A21A2201C548300E23EAE /* Profile */,
				63DE6354201AF6F80091D302 /* ImageView */,
				6365D3CD20149FE9004D3052 /* Sidebar */,
				639D82E01F9DD19E008C60A2 /* Session */,
				63166A791F9C9F430083FB8F /* Login */,
				6315A4112009B584008EA45A /* Register */,
				636A219320187D9700E23EAE /* SelectTopic */,
				63166A7C1F9D3FD70083FB8F /* Dashboard */,
				5D2C0735214E2DFF00F5CBC8 /* WebViewController */,
			);
			name = ViewControllers;
			sourceTree = "<group>";
		};
		635272181FB7D9FB00DC9E9A /* Whiteboard */ = {
			isa = PBXGroup;
			children = (
				635272191FB7DA2700DC9E9A /* WhiteboardViewController.swift */,
				6352721B1FB7DA6C00DC9E9A /* Whiteboard.swift */,
				6352721D1FB7DCA000DC9E9A /* WhiteboardDrawingTools.swift */,
			);
			name = Whiteboard;
			sourceTree = "<group>";
		};
		63607FD8202316D900F25A22 /* User */ = {
			isa = PBXGroup;
			children = (
				63607FD9202316FA00F25A22 /* UPchieveUser.swift */,
				63607FE22023179400F25A22 /* UserModel.swift */,
			);
			name = User;
			sourceTree = "<group>";
		};
		63607FDB2023170A00F25A22 /* Session */ = {
			isa = PBXGroup;
			children = (
				63607FE02023175D00F25A22 /* UPchieveRegistrationData.swift */,
				63607FDC2023173C00F25A22 /* UPchieveChatMessage.swift */,
				63607FDD2023173C00F25A22 /* UPchieveSession.swift */,
			);
			name = Session;
			sourceTree = "<group>";
		};
		63607FE4202448D600F25A22 /* View */ = {
			isa = PBXGroup;
			children = (
				5D2C073821644D6100F5CBC8 /* HeaderView */,
				5D2C0732214E219E00F5CBC8 /* FooterView */,
				636080052026719700F25A22 /* BasicView.swift */,
				63990C041F999D38002B8036 /* Main.storyboard */,
				63607FE820244B4F00F25A22 /* BasicElements */,
				63607FEE20266FDC00F25A22 /* Profile */,
				63607FFB2026706600F25A22 /* Session */,
			);
			name = View;
			sourceTree = "<group>";
		};
		63607FE72024496E00F25A22 /* TextFields */ = {
			isa = PBXGroup;
			children = (
				63607FE920244B7600F25A22 /* UnderlinedTextField.swift */,
				6360801F2032C7EA00F25A22 /* BasicTextFields.swift */,
			);
			name = TextFields;
			sourceTree = "<group>";
		};
		63607FE820244B4F00F25A22 /* BasicElements */ = {
			isa = PBXGroup;
			children = (
				6360800B2026981B00F25A22 /* MultipleSelection */,
				63607FE72024496E00F25A22 /* TextFields */,
			);
			name = BasicElements;
			sourceTree = "<group>";
		};
		63607FEB20244CBF00F25A22 /* SelectTopic */ = {
			isa = PBXGroup;
			children = (
				63607FEC20244CE600F25A22 /* SelectTopicModel.swift */,
			);
			name = SelectTopic;
			sourceTree = "<group>";
		};
		63607FEE20266FDC00F25A22 /* Profile */ = {
			isa = PBXGroup;
			children = (
				63607FF220266FE900F25A22 /* ProfileTableViewCell.swift */,
				63607FF320266FE900F25A22 /* ProfileTagTableViewCell.swift */,
			);
			name = Profile;
			sourceTree = "<group>";
		};
		63607FFB2026706600F25A22 /* Session */ = {
			isa = PBXGroup;
			children = (
				63607FFC2026706F00F25A22 /* ChatMessage */,
			);
			name = Session;
			sourceTree = "<group>";
		};
		63607FFC2026706F00F25A22 /* ChatMessage */ = {
			isa = PBXGroup;
			children = (
				63607FFD2026707A00F25A22 /* ChatMessageIncomingTableViewCell.swift */,
				63607FFE2026707A00F25A22 /* ChatMessageOutgoingImageTableViewCell.swift */,
				63607FFF2026707A00F25A22 /* ChatMessageOutgoingTableViewCell.swift */,
				636080002026707A00F25A22 /* ChatMessageTableViewCell.swift */,
			);
			name = ChatMessage;
			sourceTree = "<group>";
		};
		6360800B2026981B00F25A22 /* MultipleSelection */ = {
			isa = PBXGroup;
			children = (
				6360800C2026987600F25A22 /* MultipleSelectionView.swift */,
				6360800E202698D300F25A22 /* MultipleSelectionViewDataSource.swift */,
				636080102026A48600F25A22 /* MultipleSelectionItemView.swift */,
			);
			name = MultipleSelection;
			sourceTree = "<group>";
		};
		6360801C2027F83100F25A22 /* Register */ = {
			isa = PBXGroup;
			children = (
				6360801D2027F85A00F25A22 /* CompleteProfileModel.swift */,
			);
			name = Register;
			sourceTree = "<group>";
		};
		6365D3CD20149FE9004D3052 /* Sidebar */ = {
			isa = PBXGroup;
			children = (
				6365D3CE2014A00B004D3052 /* SidebarViewController.swift */,
				636A219A201ADE4B00E23EAE /* SidebarViewControllerSource.swift */,
				635857512015544F00C92B5C /* SidebarSlideMenuNavigationController.swift */,
				6358574F20154B7200C92B5C /* SidebarItem.swift */,
				6358574D201549D000C92B5C /* SidebarItemTableViewCell.swift */,
			);
			name = Sidebar;
			sourceTree = "<group>";
		};
		636A219320187D9700E23EAE /* SelectTopic */ = {
			isa = PBXGroup;
			children = (
				636A219620187DE400E23EAE /* SelectTopicViewController.swift */,
			);
			name = SelectTopic;
			sourceTree = "<group>";
		};
		636A21A2201C548300E23EAE /* Profile */ = {
			isa = PBXGroup;
			children = (
				636A21A3201C54C800E23EAE /* ProfileBasicTableViewController.swift */,
				636080142026AF6B00F25A22 /* ProfileFullNameTableViewCell.swift */,
				636080152026AF6B00F25A22 /* ProfilePickerTableViewCell.swift */,
				636080162026AF6B00F25A22 /* ProfileSubtitledTextFieldTableViewCell.swift */,
				636080172026AF6B00F25A22 /* ProfileTextFieldTableViewCell.swift */,
				636080122026AE4A00F25A22 /* ProfileMultipleSelectionTableViewCell.swift */,
			);
			name = Profile;
			sourceTree = "<group>";
		};
		636A21A5201C559900E23EAE /* Profile */ = {
			isa = PBXGroup;
			children = (
				636A21A6201C55DB00E23EAE /* ProfileCellData.swift */,
			);
			name = Profile;
			sourceTree = "<group>";
		};
		636A21B4201C889E00E23EAE /* CompleteProfile */ = {
			isa = PBXGroup;
			children = (
				636A21B5201C88E800E23EAE /* RegisterCompleteBasicProfileTableViewController.swift */,
				636A21B7201D16D700E23EAE /* RegisterCompleteAcademicProfileTableViewController.swift */,
			);
			name = CompleteProfile;
			sourceTree = "<group>";
		};
		63990BF41F999D38002B8036 = {
			isa = PBXGroup;
			children = (
				63990BFF1F999D38002B8036 /* UPchieve */,
				63990C141F999D38002B8036 /* UPchieveTests */,
				63990C1F1F999D38002B8036 /* UPchieveUITests */,
				63990BFE1F999D38002B8036 /* Products */,
				7EF25702414B1C92BE22CCEC /* Pods */,
				BBF0ABA888E9731AB0E7AE2E /* Frameworks */,
			);
			sourceTree = "<group>";
		};
		63990BFE1F999D38002B8036 /* Products */ = {
			isa = PBXGroup;
			children = (
				63990BFD1F999D38002B8036 /* UPchieve.app */,
				63990C111F999D38002B8036 /* UPchieveTests.xctest */,
				63990C1C1F999D38002B8036 /* UPchieveUITests.xctest */,
			);
			name = Products;
			sourceTree = "<group>";
		};
		63990BFF1F999D38002B8036 /* UPchieve */ = {
			isa = PBXGroup;
			children = (
				633FBE721F9DDCC600CB3022 /* Notes.swift */,
				63990C001F999D38002B8036 /* AppDelegate.swift */,
				63B3E9C71F9E8696001B651F /* LocalCache */,
				63166A6C1F9C81980083FB8F /* ServerAccess */,
				63166A811F9D77CD0083FB8F /* Models */,
				63607FE4202448D600F25A22 /* View */,
				63166A821F9D78110083FB8F /* ViewControllers */,
				63990C071F999D38002B8036 /* Assets.xcassets */,
				63166A731F9C8E390083FB8F /* SwiftyJSON.swift */,
				63990C091F999D38002B8036 /* LaunchScreen.storyboard */,
				63990C0C1F999D38002B8036 /* Info.plist */,
			);
			path = UPchieve;
			sourceTree = "<group>";
		};
		63990C141F999D38002B8036 /* UPchieveTests */ = {
			isa = PBXGroup;
			children = (
				63990C151F999D38002B8036 /* UPchieveTests.swift */,
				63990C171F999D38002B8036 /* Info.plist */,
			);
			path = UPchieveTests;
			sourceTree = "<group>";
		};
		63990C1F1F999D38002B8036 /* UPchieveUITests */ = {
			isa = PBXGroup;
			children = (
				63990C201F999D38002B8036 /* UPchieveUITests.swift */,
				63990C221F999D38002B8036 /* Info.plist */,
			);
			path = UPchieveUITests;
			sourceTree = "<group>";
		};
		639D82E01F9DD19E008C60A2 /* Session */ = {
			isa = PBXGroup;
			children = (
				639D82DE1F9DD193008C60A2 /* SessionViewController.swift */,
				635272181FB7D9FB00DC9E9A /* Whiteboard */,
			);
			name = Session;
			sourceTree = "<group>";
		};
		63B3E9C71F9E8696001B651F /* LocalCache */ = {
			isa = PBXGroup;
			children = (
				63B3E9C81F9E8766001B651F /* LocalCache.swift */,
				63B3E9C51F9E8684001B651F /* RuntimeMemoryCache.swift */,
			);
			name = LocalCache;
			sourceTree = "<group>";
		};
		63DE6354201AF6F80091D302 /* ImageView */ = {
			isa = PBXGroup;
			children = (
				63DE6355201AF7260091D302 /* FullScreenImageViewController.swift */,
			);
			name = ImageView;
			sourceTree = "<group>";
		};
		7EF25702414B1C92BE22CCEC /* Pods */ = {
			isa = PBXGroup;
			children = (
				70ACBA0144F2F6FB7571DDAC /* Pods-UPchieve.debug.xcconfig */,
				760B3BAE49E31A3A6DB5F0C3 /* Pods-UPchieve.release.xcconfig */,
			);
			name = Pods;
			sourceTree = "<group>";
		};
		BBF0ABA888E9731AB0E7AE2E /* Frameworks */ = {
			isa = PBXGroup;
			children = (
				62217271ED42376EEFA6BBBB /* Pods_UPchieve.framework */,
			);
			name = Frameworks;
			sourceTree = "<group>";
		};
/* End PBXGroup section */

/* Begin PBXNativeTarget section */
		63990BFC1F999D38002B8036 /* UPchieve */ = {
			isa = PBXNativeTarget;
			buildConfigurationList = 63990C251F999D38002B8036 /* Build configuration list for PBXNativeTarget "UPchieve" */;
			buildPhases = (
				B82E1FD31D1F31DE6067FEAF /* [CP] Check Pods Manifest.lock */,
				63990BF91F999D38002B8036 /* Sources */,
				63990BFA1F999D38002B8036 /* Frameworks */,
				63990BFB1F999D38002B8036 /* Resources */,
				F721E46ABCF709D2DE4C0685 /* [CP] Embed Pods Frameworks */,
				74B5E210D377C220065121CC /* [CP] Copy Pods Resources */,
			);
			buildRules = (
			);
			dependencies = (
			);
			name = UPchieve;
			productName = UPchieve;
			productReference = 63990BFD1F999D38002B8036 /* UPchieve.app */;
			productType = "com.apple.product-type.application";
		};
		63990C101F999D38002B8036 /* UPchieveTests */ = {
			isa = PBXNativeTarget;
			buildConfigurationList = 63990C281F999D38002B8036 /* Build configuration list for PBXNativeTarget "UPchieveTests" */;
			buildPhases = (
				63990C0D1F999D38002B8036 /* Sources */,
				63990C0E1F999D38002B8036 /* Frameworks */,
				63990C0F1F999D38002B8036 /* Resources */,
			);
			buildRules = (
			);
			dependencies = (
				63990C131F999D38002B8036 /* PBXTargetDependency */,
			);
			name = UPchieveTests;
			productName = UPchieveTests;
			productReference = 63990C111F999D38002B8036 /* UPchieveTests.xctest */;
			productType = "com.apple.product-type.bundle.unit-test";
		};
		63990C1B1F999D38002B8036 /* UPchieveUITests */ = {
			isa = PBXNativeTarget;
			buildConfigurationList = 63990C2B1F999D38002B8036 /* Build configuration list for PBXNativeTarget "UPchieveUITests" */;
			buildPhases = (
				63990C181F999D38002B8036 /* Sources */,
				63990C191F999D38002B8036 /* Frameworks */,
				63990C1A1F999D38002B8036 /* Resources */,
			);
			buildRules = (
			);
			dependencies = (
				63990C1E1F999D38002B8036 /* PBXTargetDependency */,
			);
			name = UPchieveUITests;
			productName = UPchieveUITests;
			productReference = 63990C1C1F999D38002B8036 /* UPchieveUITests.xctest */;
			productType = "com.apple.product-type.bundle.ui-testing";
		};
/* End PBXNativeTarget section */

/* Begin PBXProject section */
		63990BF51F999D38002B8036 /* Project object */ = {
			isa = PBXProject;
			attributes = {
				LastSwiftUpdateCheck = 0830;
				LastUpgradeCheck = 0830;
				ORGANIZATIONNAME = "Zuoyuan Huang";
				TargetAttributes = {
					63990BFC1F999D38002B8036 = {
						CreatedOnToolsVersion = 8.3.3;
						ProvisioningStyle = Automatic;
					};
					63990C101F999D38002B8036 = {
						CreatedOnToolsVersion = 8.3.3;
						ProvisioningStyle = Automatic;
						TestTargetID = 63990BFC1F999D38002B8036;
					};
					63990C1B1F999D38002B8036 = {
						CreatedOnToolsVersion = 8.3.3;
						ProvisioningStyle = Automatic;
						TestTargetID = 63990BFC1F999D38002B8036;
					};
				};
			};
			buildConfigurationList = 63990BF81F999D38002B8036 /* Build configuration list for PBXProject "UPchieve" */;
			compatibilityVersion = "Xcode 3.2";
			developmentRegion = English;
			hasScannedForEncodings = 0;
			knownRegions = (
				en,
				Base,
			);
			mainGroup = 63990BF41F999D38002B8036;
			productRefGroup = 63990BFE1F999D38002B8036 /* Products */;
			projectDirPath = "";
			projectRoot = "";
			targets = (
				63990BFC1F999D38002B8036 /* UPchieve */,
				63990C101F999D38002B8036 /* UPchieveTests */,
				63990C1B1F999D38002B8036 /* UPchieveUITests */,
			);
		};
/* End PBXProject section */

/* Begin PBXResourcesBuildPhase section */
		63990BFB1F999D38002B8036 /* Resources */ = {
			isa = PBXResourcesBuildPhase;
			buildActionMask = 2147483647;
			files = (
				63990C0B1F999D38002B8036 /* LaunchScreen.storyboard in Resources */,
				5D2C073A21644D8900F5CBC8 /* HeaderView.xib in Resources */,
				5D2C072F214E204600F5CBC8 /* FooterView.xib in Resources */,
				63990C081F999D38002B8036 /* Assets.xcassets in Resources */,
				63990C061F999D38002B8036 /* Main.storyboard in Resources */,
			);
			runOnlyForDeploymentPostprocessing = 0;
		};
		63990C0F1F999D38002B8036 /* Resources */ = {
			isa = PBXResourcesBuildPhase;
			buildActionMask = 2147483647;
			files = (
			);
			runOnlyForDeploymentPostprocessing = 0;
		};
		63990C1A1F999D38002B8036 /* Resources */ = {
			isa = PBXResourcesBuildPhase;
			buildActionMask = 2147483647;
			files = (
			);
			runOnlyForDeploymentPostprocessing = 0;
		};
/* End PBXResourcesBuildPhase section */

/* Begin PBXShellScriptBuildPhase section */
		74B5E210D377C220065121CC /* [CP] Copy Pods Resources */ = {
			isa = PBXShellScriptBuildPhase;
			buildActionMask = 2147483647;
			files = (
			);
			inputPaths = (
			);
			name = "[CP] Copy Pods Resources";
			outputPaths = (
			);
			runOnlyForDeploymentPostprocessing = 0;
			shellPath = /bin/sh;
			shellScript = "\"${SRCROOT}/../Pods/Target Support Files/Pods-UPchieve/Pods-UPchieve-resources.sh\"\n";
			showEnvVarsInLog = 0;
		};
		B82E1FD31D1F31DE6067FEAF /* [CP] Check Pods Manifest.lock */ = {
			isa = PBXShellScriptBuildPhase;
			buildActionMask = 2147483647;
			files = (
			);
			inputPaths = (
			);
			name = "[CP] Check Pods Manifest.lock";
			outputPaths = (
			);
			runOnlyForDeploymentPostprocessing = 0;
			shellPath = /bin/sh;
			shellScript = "diff \"${PODS_PODFILE_DIR_PATH}/Podfile.lock\" \"${PODS_ROOT}/Manifest.lock\" > /dev/null\nif [ $? != 0 ] ; then\n    # print error to STDERR\n    echo \"error: The sandbox is not in sync with the Podfile.lock. Run 'pod install' or update your CocoaPods installation.\" >&2\n    exit 1\nfi\n";
			showEnvVarsInLog = 0;
		};
		F721E46ABCF709D2DE4C0685 /* [CP] Embed Pods Frameworks */ = {
			isa = PBXShellScriptBuildPhase;
			buildActionMask = 2147483647;
			files = (
			);
			inputPaths = (
			);
			name = "[CP] Embed Pods Frameworks";
			outputPaths = (
			);
			runOnlyForDeploymentPostprocessing = 0;
			shellPath = /bin/sh;
			shellScript = "\"${SRCROOT}/../Pods/Target Support Files/Pods-UPchieve/Pods-UPchieve-frameworks.sh\"\n";
			showEnvVarsInLog = 0;
		};
/* End PBXShellScriptBuildPhase section */

/* Begin PBXSourcesBuildPhase section */
		63990BF91F999D38002B8036 /* Sources */ = {
			isa = PBXSourcesBuildPhase;
			buildActionMask = 2147483647;
			files = (
				63607FDF2023173C00F25A22 /* UPchieveSession.swift in Sources */,
				636A21A1201C512300E23EAE /* OnboardingService.swift in Sources */,
				63607FDE2023173C00F25A22 /* UPchieveChatMessage.swift in Sources */,
				63166A711F9C81980083FB8F /* NetworkService.swift in Sources */,
				636080062026719700F25A22 /* BasicView.swift in Sources */,
				636A21B6201C88E800E23EAE /* RegisterCompleteBasicProfileTableViewController.swift in Sources */,
				63607FF920266FE900F25A22 /* ProfileTagTableViewCell.swift in Sources */,
				633FBE731F9DDCC600CB3022 /* Notes.swift in Sources */,
				63166A8A1F9D78C80083FB8F /* BasicViewController.swift in Sources */,
				6360800F202698D300F25A22 /* MultipleSelectionViewDataSource.swift in Sources */,
				63607FF820266FE900F25A22 /* ProfileTableViewCell.swift in Sources */,
				63166A861F9D78860083FB8F /* DashboardViewController.swift in Sources */,
				5D2C0734214E2DF800F5CBC8 /* WebViewController.swift in Sources */,
				636080032026707A00F25A22 /* ChatMessageOutgoingTableViewCell.swift in Sources */,
				63607FEA20244B7600F25A22 /* UnderlinedTextField.swift in Sources */,
				63607FE32023179400F25A22 /* UserModel.swift in Sources */,
				6315A4132009B5B1008EA45A /* RegisterDetailInfoViewController.swift in Sources */,
				6360801A2026AF6B00F25A22 /* ProfileSubtitledTextFieldTableViewCell.swift in Sources */,
				63B3E9C61F9E8684001B651F /* RuntimeMemoryCache.swift in Sources */,
				5D2C073E2164A20600F5CBC8 /* StringHelper.swift in Sources */,
				636080042026707A00F25A22 /* ChatMessageTableViewCell.swift in Sources */,
				6360800D2026987600F25A22 /* MultipleSelectionView.swift in Sources */,
				63B3E9C91F9E8766001B651F /* LocalCache.swift in Sources */,
				636080012026707A00F25A22 /* ChatMessageIncomingTableViewCell.swift in Sources */,
				63990C011F999D38002B8036 /* AppDelegate.swift in Sources */,
				636080202032C7EA00F25A22 /* BasicTextFields.swift in Sources */,
				63166A701F9C81980083FB8F /* AuthService.swift in Sources */,
				6352721C1FB7DA6C00DC9E9A /* Whiteboard.swift in Sources */,
				6365D3CF2014A00B004D3052 /* SidebarViewController.swift in Sources */,
				636A219F201C12B600E23EAE /* RegisterCheckEmailViewController.swift in Sources */,
				636080112026A48600F25A22 /* MultipleSelectionItemView.swift in Sources */,
				63166A801F9D679A0083FB8F /* UserService.swift in Sources */,
				6360801B2026AF6B00F25A22 /* ProfileTextFieldTableViewCell.swift in Sources */,
				63166A8C1F9D79080083FB8F /* SessionService.swift in Sources */,
				636080132026AE4A00F25A22 /* ProfileMultipleSelectionTableViewCell.swift in Sources */,
				6360801E2027F85A00F25A22 /* CompleteProfileModel.swift in Sources */,
				5D2C073C21644E5500F5CBC8 /* HeaderView.swift in Sources */,
				635857522015544F00C92B5C /* SidebarSlideMenuNavigationController.swift in Sources */,
				636A21A4201C54C800E23EAE /* ProfileBasicTableViewController.swift in Sources */,
				6315A4172009EBC2008EA45A /* RegisterInfoViewController.swift in Sources */,
				63607FED20244CE600F25A22 /* SelectTopicModel.swift in Sources */,
				636A21B8201D16D700E23EAE /* RegisterCompleteAcademicProfileTableViewController.swift in Sources */,
				63607FE12023175D00F25A22 /* UPchieveRegistrationData.swift in Sources */,
				5D2C073721644CB100F5CBC8 /* StudentVolunteerViewController.swift in Sources */,
				636A219B201ADE4B00E23EAE /* SidebarViewControllerSource.swift in Sources */,
				6352721A1FB7DA2700DC9E9A /* WhiteboardViewController.swift in Sources */,
				636080192026AF6B00F25A22 /* ProfilePickerTableViewCell.swift in Sources */,
				6315A4192009EDEE008EA45A /* RegistrationService.swift in Sources */,
				6358575020154B7200C92B5C /* SidebarItem.swift in Sources */,
				639D82DF1F9DD193008C60A2 /* SessionViewController.swift in Sources */,
				636080182026AF6B00F25A22 /* ProfileFullNameTableViewCell.swift in Sources */,
				636A219720187DE400E23EAE /* SelectTopicViewController.swift in Sources */,
				636A21A7201C55DB00E23EAE /* ProfileCellData.swift in Sources */,
				6358574E201549D000C92B5C /* SidebarItemTableViewCell.swift in Sources */,
				63166A741F9C8E390083FB8F /* SwiftyJSON.swift in Sources */,
				63607FDA202316FA00F25A22 /* UPchieveUser.swift in Sources */,
				63166A881F9D788D0083FB8F /* LoginViewController.swift in Sources */,
				5D2C0731214E219100F5CBC8 /* FooterView.swift in Sources */,
				63166A721F9C81980083FB8F /* ServerConfiguration.swift in Sources */,
				636080022026707A00F25A22 /* ChatMessageOutgoingImageTableViewCell.swift in Sources */,
				63DE6356201AF7260091D302 /* FullScreenImageViewController.swift in Sources */,
				6352721E1FB7DCA000DC9E9A /* WhiteboardDrawingTools.swift in Sources */,
			);
			runOnlyForDeploymentPostprocessing = 0;
		};
		63990C0D1F999D38002B8036 /* Sources */ = {
			isa = PBXSourcesBuildPhase;
			buildActionMask = 2147483647;
			files = (
				63990C161F999D38002B8036 /* UPchieveTests.swift in Sources */,
			);
			runOnlyForDeploymentPostprocessing = 0;
		};
		63990C181F999D38002B8036 /* Sources */ = {
			isa = PBXSourcesBuildPhase;
			buildActionMask = 2147483647;
			files = (
				63990C211F999D38002B8036 /* UPchieveUITests.swift in Sources */,
			);
			runOnlyForDeploymentPostprocessing = 0;
		};
/* End PBXSourcesBuildPhase section */

/* Begin PBXTargetDependency section */
		63990C131F999D38002B8036 /* PBXTargetDependency */ = {
			isa = PBXTargetDependency;
			target = 63990BFC1F999D38002B8036 /* UPchieve */;
			targetProxy = 63990C121F999D38002B8036 /* PBXContainerItemProxy */;
		};
		63990C1E1F999D38002B8036 /* PBXTargetDependency */ = {
			isa = PBXTargetDependency;
			target = 63990BFC1F999D38002B8036 /* UPchieve */;
			targetProxy = 63990C1D1F999D38002B8036 /* PBXContainerItemProxy */;
		};
/* End PBXTargetDependency section */

/* Begin PBXVariantGroup section */
		63990C041F999D38002B8036 /* Main.storyboard */ = {
			isa = PBXVariantGroup;
			children = (
				63990C051F999D38002B8036 /* Base */,
			);
			name = Main.storyboard;
			sourceTree = "<group>";
		};
		63990C091F999D38002B8036 /* LaunchScreen.storyboard */ = {
			isa = PBXVariantGroup;
			children = (
				63990C0A1F999D38002B8036 /* Base */,
			);
			name = LaunchScreen.storyboard;
			sourceTree = "<group>";
		};
/* End PBXVariantGroup section */

/* Begin XCBuildConfiguration section */
		63990C231F999D38002B8036 /* Debug */ = {
			isa = XCBuildConfiguration;
			buildSettings = {
				ALWAYS_SEARCH_USER_PATHS = NO;
				CLANG_ANALYZER_NONNULL = YES;
				CLANG_ANALYZER_NUMBER_OBJECT_CONVERSION = YES_AGGRESSIVE;
				CLANG_CXX_LANGUAGE_STANDARD = "gnu++0x";
				CLANG_CXX_LIBRARY = "libc++";
				CLANG_ENABLE_MODULES = YES;
				CLANG_ENABLE_OBJC_ARC = YES;
				CLANG_WARN_BOOL_CONVERSION = YES;
				CLANG_WARN_CONSTANT_CONVERSION = YES;
				CLANG_WARN_DIRECT_OBJC_ISA_USAGE = YES_ERROR;
				CLANG_WARN_DOCUMENTATION_COMMENTS = YES;
				CLANG_WARN_EMPTY_BODY = YES;
				CLANG_WARN_ENUM_CONVERSION = YES;
				CLANG_WARN_INFINITE_RECURSION = YES;
				CLANG_WARN_INT_CONVERSION = YES;
				CLANG_WARN_OBJC_ROOT_CLASS = YES_ERROR;
				CLANG_WARN_SUSPICIOUS_MOVE = YES;
				CLANG_WARN_UNREACHABLE_CODE = YES;
				CLANG_WARN__DUPLICATE_METHOD_MATCH = YES;
				"CODE_SIGN_IDENTITY[sdk=iphoneos*]" = "iPhone Developer";
				COPY_PHASE_STRIP = NO;
				DEBUG_INFORMATION_FORMAT = dwarf;
				ENABLE_STRICT_OBJC_MSGSEND = YES;
				ENABLE_TESTABILITY = YES;
				GCC_C_LANGUAGE_STANDARD = gnu99;
				GCC_DYNAMIC_NO_PIC = NO;
				GCC_NO_COMMON_BLOCKS = YES;
				GCC_OPTIMIZATION_LEVEL = 0;
				GCC_PREPROCESSOR_DEFINITIONS = (
					"DEBUG=1",
					"$(inherited)",
				);
				GCC_WARN_64_TO_32_BIT_CONVERSION = YES;
				GCC_WARN_ABOUT_RETURN_TYPE = YES_ERROR;
				GCC_WARN_UNDECLARED_SELECTOR = YES;
				GCC_WARN_UNINITIALIZED_AUTOS = YES_AGGRESSIVE;
				GCC_WARN_UNUSED_FUNCTION = YES;
				GCC_WARN_UNUSED_VARIABLE = YES;
				IPHONEOS_DEPLOYMENT_TARGET = 10.3;
				MTL_ENABLE_DEBUG_INFO = YES;
				ONLY_ACTIVE_ARCH = YES;
				SDKROOT = iphoneos;
				SWIFT_ACTIVE_COMPILATION_CONDITIONS = DEBUG;
				SWIFT_OPTIMIZATION_LEVEL = "-Onone";
				TARGETED_DEVICE_FAMILY = "1,2";
			};
			name = Debug;
		};
		63990C241F999D38002B8036 /* Release */ = {
			isa = XCBuildConfiguration;
			buildSettings = {
				ALWAYS_SEARCH_USER_PATHS = NO;
				CLANG_ANALYZER_NONNULL = YES;
				CLANG_ANALYZER_NUMBER_OBJECT_CONVERSION = YES_AGGRESSIVE;
				CLANG_CXX_LANGUAGE_STANDARD = "gnu++0x";
				CLANG_CXX_LIBRARY = "libc++";
				CLANG_ENABLE_MODULES = YES;
				CLANG_ENABLE_OBJC_ARC = YES;
				CLANG_WARN_BOOL_CONVERSION = YES;
				CLANG_WARN_CONSTANT_CONVERSION = YES;
				CLANG_WARN_DIRECT_OBJC_ISA_USAGE = YES_ERROR;
				CLANG_WARN_DOCUMENTATION_COMMENTS = YES;
				CLANG_WARN_EMPTY_BODY = YES;
				CLANG_WARN_ENUM_CONVERSION = YES;
				CLANG_WARN_INFINITE_RECURSION = YES;
				CLANG_WARN_INT_CONVERSION = YES;
				CLANG_WARN_OBJC_ROOT_CLASS = YES_ERROR;
				CLANG_WARN_SUSPICIOUS_MOVE = YES;
				CLANG_WARN_UNREACHABLE_CODE = YES;
				CLANG_WARN__DUPLICATE_METHOD_MATCH = YES;
				"CODE_SIGN_IDENTITY[sdk=iphoneos*]" = "iPhone Developer";
				COPY_PHASE_STRIP = NO;
				DEBUG_INFORMATION_FORMAT = "dwarf-with-dsym";
				ENABLE_NS_ASSERTIONS = NO;
				ENABLE_STRICT_OBJC_MSGSEND = YES;
				GCC_C_LANGUAGE_STANDARD = gnu99;
				GCC_NO_COMMON_BLOCKS = YES;
				GCC_WARN_64_TO_32_BIT_CONVERSION = YES;
				GCC_WARN_ABOUT_RETURN_TYPE = YES_ERROR;
				GCC_WARN_UNDECLARED_SELECTOR = YES;
				GCC_WARN_UNINITIALIZED_AUTOS = YES_AGGRESSIVE;
				GCC_WARN_UNUSED_FUNCTION = YES;
				GCC_WARN_UNUSED_VARIABLE = YES;
				IPHONEOS_DEPLOYMENT_TARGET = 10.3;
				MTL_ENABLE_DEBUG_INFO = NO;
				SDKROOT = iphoneos;
				SWIFT_OPTIMIZATION_LEVEL = "-Owholemodule";
				TARGETED_DEVICE_FAMILY = "1,2";
				VALIDATE_PRODUCT = YES;
			};
			name = Release;
		};
		63990C261F999D38002B8036 /* Debug */ = {
			isa = XCBuildConfiguration;
			baseConfigurationReference = 70ACBA0144F2F6FB7571DDAC /* Pods-UPchieve.debug.xcconfig */;
			buildSettings = {
				ASSETCATALOG_COMPILER_APPICON_NAME = AppIcon;
				DEVELOPMENT_TEAM = "";
				INFOPLIST_FILE = UPchieve/Info.plist;
				LD_RUNPATH_SEARCH_PATHS = "$(inherited) @executable_path/Frameworks";
				PRODUCT_BUNDLE_IDENTIFIER = com.david.UPchieve;
				PRODUCT_NAME = "$(TARGET_NAME)";
				SWIFT_VERSION = 3.0;
			};
			name = Debug;
		};
		63990C271F999D38002B8036 /* Release */ = {
			isa = XCBuildConfiguration;
			baseConfigurationReference = 760B3BAE49E31A3A6DB5F0C3 /* Pods-UPchieve.release.xcconfig */;
			buildSettings = {
				ASSETCATALOG_COMPILER_APPICON_NAME = AppIcon;
				DEVELOPMENT_TEAM = "";
				INFOPLIST_FILE = UPchieve/Info.plist;
				LD_RUNPATH_SEARCH_PATHS = "$(inherited) @executable_path/Frameworks";
				PRODUCT_BUNDLE_IDENTIFIER = com.david.UPchieve;
				PRODUCT_NAME = "$(TARGET_NAME)";
				SWIFT_VERSION = 3.0;
			};
			name = Release;
		};
		63990C291F999D38002B8036 /* Debug */ = {
			isa = XCBuildConfiguration;
			buildSettings = {
				ALWAYS_EMBED_SWIFT_STANDARD_LIBRARIES = YES;
				BUNDLE_LOADER = "$(TEST_HOST)";
				INFOPLIST_FILE = UPchieveTests/Info.plist;
				LD_RUNPATH_SEARCH_PATHS = "$(inherited) @executable_path/Frameworks @loader_path/Frameworks";
				PRODUCT_BUNDLE_IDENTIFIER = com.david.UPchieveTests;
				PRODUCT_NAME = "$(TARGET_NAME)";
				SWIFT_VERSION = 3.0;
				TEST_HOST = "$(BUILT_PRODUCTS_DIR)/UPchieve.app/UPchieve";
			};
			name = Debug;
		};
		63990C2A1F999D38002B8036 /* Release */ = {
			isa = XCBuildConfiguration;
			buildSettings = {
				ALWAYS_EMBED_SWIFT_STANDARD_LIBRARIES = YES;
				BUNDLE_LOADER = "$(TEST_HOST)";
				INFOPLIST_FILE = UPchieveTests/Info.plist;
				LD_RUNPATH_SEARCH_PATHS = "$(inherited) @executable_path/Frameworks @loader_path/Frameworks";
				PRODUCT_BUNDLE_IDENTIFIER = com.david.UPchieveTests;
				PRODUCT_NAME = "$(TARGET_NAME)";
				SWIFT_VERSION = 3.0;
				TEST_HOST = "$(BUILT_PRODUCTS_DIR)/UPchieve.app/UPchieve";
			};
			name = Release;
		};
		63990C2C1F999D38002B8036 /* Debug */ = {
			isa = XCBuildConfiguration;
			buildSettings = {
				ALWAYS_EMBED_SWIFT_STANDARD_LIBRARIES = YES;
				INFOPLIST_FILE = UPchieveUITests/Info.plist;
				LD_RUNPATH_SEARCH_PATHS = "$(inherited) @executable_path/Frameworks @loader_path/Frameworks";
				PRODUCT_BUNDLE_IDENTIFIER = com.david.UPchieveUITests;
				PRODUCT_NAME = "$(TARGET_NAME)";
				SWIFT_VERSION = 3.0;
				TEST_TARGET_NAME = UPchieve;
			};
			name = Debug;
		};
		63990C2D1F999D38002B8036 /* Release */ = {
			isa = XCBuildConfiguration;
			buildSettings = {
				ALWAYS_EMBED_SWIFT_STANDARD_LIBRARIES = YES;
				INFOPLIST_FILE = UPchieveUITests/Info.plist;
				LD_RUNPATH_SEARCH_PATHS = "$(inherited) @executable_path/Frameworks @loader_path/Frameworks";
				PRODUCT_BUNDLE_IDENTIFIER = com.david.UPchieveUITests;
				PRODUCT_NAME = "$(TARGET_NAME)";
				SWIFT_VERSION = 3.0;
				TEST_TARGET_NAME = UPchieve;
			};
			name = Release;
		};
/* End XCBuildConfiguration section */

/* Begin XCConfigurationList section */
		63990BF81F999D38002B8036 /* Build configuration list for PBXProject "UPchieve" */ = {
			isa = XCConfigurationList;
			buildConfigurations = (
				63990C231F999D38002B8036 /* Debug */,
				63990C241F999D38002B8036 /* Release */,
			);
			defaultConfigurationIsVisible = 0;
			defaultConfigurationName = Release;
		};
		63990C251F999D38002B8036 /* Build configuration list for PBXNativeTarget "UPchieve" */ = {
			isa = XCConfigurationList;
			buildConfigurations = (
				63990C261F999D38002B8036 /* Debug */,
				63990C271F999D38002B8036 /* Release */,
			);
			defaultConfigurationIsVisible = 0;
			defaultConfigurationName = Release;
		};
		63990C281F999D38002B8036 /* Build configuration list for PBXNativeTarget "UPchieveTests" */ = {
			isa = XCConfigurationList;
			buildConfigurations = (
				63990C291F999D38002B8036 /* Debug */,
				63990C2A1F999D38002B8036 /* Release */,
			);
			defaultConfigurationIsVisible = 0;
			defaultConfigurationName = Release;
		};
		63990C2B1F999D38002B8036 /* Build configuration list for PBXNativeTarget "UPchieveUITests" */ = {
			isa = XCConfigurationList;
			buildConfigurations = (
				63990C2C1F999D38002B8036 /* Debug */,
				63990C2D1F999D38002B8036 /* Release */,
			);
			defaultConfigurationIsVisible = 0;
			defaultConfigurationName = Release;
		};
/* End XCConfigurationList section */
	};
	rootObject = 63990BF51F999D38002B8036 /* Project object */;
}
